// !$*UTF8*$!
{
	archiveVersion = 1;
	classes = {
	};
	objectVersion = 46;
	objects = {

/* Begin PBXBuildFile section */
		9B2FC80A1F42A8340010691F /* Podfile in Resources */ = {isa = PBXBuildFile; fileRef = 9B2FC8091F42A8340010691F /* Podfile */; };
		9B7C70B71F42A328004AAD3D /* AppDelegate.swift in Sources */ = {isa = PBXBuildFile; fileRef = 9B7C70B61F42A328004AAD3D /* AppDelegate.swift */; };
		9B7C70B91F42A328004AAD3D /* ViewController.swift in Sources */ = {isa = PBXBuildFile; fileRef = 9B7C70B81F42A328004AAD3D /* ViewController.swift */; };
		9B7C70BC1F42A328004AAD3D /* Main.storyboard in Resources */ = {isa = PBXBuildFile; fileRef = 9B7C70BA1F42A328004AAD3D /* Main.storyboard */; };
		9B7C70BE1F42A328004AAD3D /* Assets.xcassets in Resources */ = {isa = PBXBuildFile; fileRef = 9B7C70BD1F42A328004AAD3D /* Assets.xcassets */; };
		9B7C70C11F42A328004AAD3D /* LaunchScreen.storyboard in Resources */ = {isa = PBXBuildFile; fileRef = 9B7C70BF1F42A328004AAD3D /* LaunchScreen.storyboard */; };
		9CEFCCA8E2F3905065DD0040 /* Pods_PiOSDrone.framework in Frameworks */ = {isa = PBXBuildFile; fileRef = 8501E9D32594DF55990DAEC8 /* Pods_PiOSDrone.framework */; };
/* End PBXBuildFile section */

/* Begin PBXFileReference section */
		7576CD85DAB4EB78DEE35DA7 /* Pods-PiOSDrone.release.xcconfig */ = {isa = PBXFileReference; includeInIndex = 1; lastKnownFileType = text.xcconfig; name = "Pods-PiOSDrone.release.xcconfig"; path = "Pods/Target Support Files/Pods-PiOSDrone/Pods-PiOSDrone.release.xcconfig"; sourceTree = "<group>"; };
		8501E9D32594DF55990DAEC8 /* Pods_PiOSDrone.framework */ = {isa = PBXFileReference; explicitFileType = wrapper.framework; includeInIndex = 0; path = Pods_PiOSDrone.framework; sourceTree = BUILT_PRODUCTS_DIR; };
		9B2FC8091F42A8340010691F /* Podfile */ = {isa = PBXFileReference; fileEncoding = 4; lastKnownFileType = text; path = Podfile; sourceTree = "<group>"; };
		9B7C70B31F42A328004AAD3D /* PiOSDrone.app */ = {isa = PBXFileReference; explicitFileType = wrapper.application; includeInIndex = 0; path = PiOSDrone.app; sourceTree = BUILT_PRODUCTS_DIR; };
		9B7C70B61F42A328004AAD3D /* AppDelegate.swift */ = {isa = PBXFileReference; lastKnownFileType = sourcecode.swift; path = AppDelegate.swift; sourceTree = "<group>"; };
		9B7C70B81F42A328004AAD3D /* ViewController.swift */ = {isa = PBXFileReference; lastKnownFileType = sourcecode.swift; path = ViewController.swift; sourceTree = "<group>"; };
		9B7C70BB1F42A328004AAD3D /* Base */ = {isa = PBXFileReference; lastKnownFileType = file.storyboard; name = Base; path = Base.lproj/Main.storyboard; sourceTree = "<group>"; };
		9B7C70BD1F42A328004AAD3D /* Assets.xcassets */ = {isa = PBXFileReference; lastKnownFileType = folder.assetcatalog; path = Assets.xcassets; sourceTree = "<group>"; };
		9B7C70C01F42A328004AAD3D /* Base */ = {isa = PBXFileReference; lastKnownFileType = file.storyboard; name = Base; path = Base.lproj/LaunchScreen.storyboard; sourceTree = "<group>"; };
		9B7C70C21F42A328004AAD3D /* Info.plist */ = {isa = PBXFileReference; lastKnownFileType = text.plist.xml; path = Info.plist; sourceTree = "<group>"; };
		B0068D73A04FCF469599BC8E /* Pods-PiOSDrone.debug.xcconfig */ = {isa = PBXFileReference; includeInIndex = 1; lastKnownFileType = text.xcconfig; name = "Pods-PiOSDrone.debug.xcconfig"; path = "Pods/Target Support Files/Pods-PiOSDrone/Pods-PiOSDrone.debug.xcconfig"; sourceTree = "<group>"; };
/* End PBXFileReference section */

/* Begin PBXFrameworksBuildPhase section */
		9B7C70B01F42A328004AAD3D /* Frameworks */ = {
			isa = PBXFrameworksBuildPhase;
			buildActionMask = 2147483647;
			files = (
				9CEFCCA8E2F3905065DD0040 /* Pods_PiOSDrone.framework in Frameworks */,
			);
			runOnlyForDeploymentPostprocessing = 0;
		};
/* End PBXFrameworksBuildPhase section */

/* Begin PBXGroup section */
		3BDDB59DFF545C0F6C45B557 /* Pods */ = {
			isa = PBXGroup;
			children = (
				B0068D73A04FCF469599BC8E /* Pods-PiOSDrone.debug.xcconfig */,
				7576CD85DAB4EB78DEE35DA7 /* Pods-PiOSDrone.release.xcconfig */,
			);
			name = Pods;
			sourceTree = "<group>";
		};
		9B7C70AA1F42A328004AAD3D = {
			isa = PBXGroup;
			children = (
				9B7C70B51F42A328004AAD3D /* PiOSDrone */,
				9B7C70B41F42A328004AAD3D /* Products */,
				9B2FC8091F42A8340010691F /* Podfile */,
				3BDDB59DFF545C0F6C45B557 /* Pods */,
				B4639F523EF70AF5D1537A03 /* Frameworks */,
			);
			sourceTree = "<group>";
		};
		9B7C70B41F42A328004AAD3D /* Products */ = {
			isa = PBXGroup;
			children = (
				9B7C70B31F42A328004AAD3D /* PiOSDrone.app */,
			);
			name = Products;
			sourceTree = "<group>";
		};
		9B7C70B51F42A328004AAD3D /* PiOSDrone */ = {
			isa = PBXGroup;
			children = (
				9B7C70B61F42A328004AAD3D /* AppDelegate.swift */,
				9B7C70B81F42A328004AAD3D /* ViewController.swift */,
				9B7C70BA1F42A328004AAD3D /* Main.storyboard */,
				9B7C70BD1F42A328004AAD3D /* Assets.xcassets */,
				9B7C70BF1F42A328004AAD3D /* LaunchScreen.storyboard */,
				9B7C70C21F42A328004AAD3D /* Info.plist */,
			);
			path = PiOSDrone;
			sourceTree = "<group>";
		};
		B4639F523EF70AF5D1537A03 /* Frameworks */ = {
			isa = PBXGroup;
			children = (
				8501E9D32594DF55990DAEC8 /* Pods_PiOSDrone.framework */,
			);
			name = Frameworks;
			sourceTree = "<group>";
		};
/* End PBXGroup section */

/* Begin PBXNativeTarget section */
		9B7C70B21F42A328004AAD3D /* PiOSDrone */ = {
			isa = PBXNativeTarget;
			buildConfigurationList = 9B7C70C51F42A328004AAD3D /* Build configuration list for PBXNativeTarget "PiOSDrone" */;
			buildPhases = (
				1C5DA6D41FE906B7F611994F /* [CP] Check Pods Manifest.lock */,
				9B7C70AF1F42A328004AAD3D /* Sources */,
				9B7C70B01F42A328004AAD3D /* Frameworks */,
				9B7C70B11F42A328004AAD3D /* Resources */,
				3FF8DD672ECC38B46A2273E2 /* [CP] Embed Pods Frameworks */,
				17BB61D2A3636FD7B8936414 /* [CP] Copy Pods Resources */,
			);
			buildRules = (
			);
			dependencies = (
			);
			name = PiOSDrone;
			productName = PiOSDrone;
			productReference = 9B7C70B31F42A328004AAD3D /* PiOSDrone.app */;
			productType = "com.apple.product-type.application";
		};
/* End PBXNativeTarget section */

/* Begin PBXProject section */
		9B7C70AB1F42A328004AAD3D /* Project object */ = {
			isa = PBXProject;
			attributes = {
				LastSwiftUpdateCheck = 0830;
				LastUpgradeCheck = 0830;
				ORGANIZATIONNAME = "Irakli Tchitadze";
				TargetAttributes = {
					9B7C70B21F42A328004AAD3D = {
						CreatedOnToolsVersion = 8.3.3;
						DevelopmentTeam = V9VFZF9659;
						ProvisioningStyle = Automatic;
					};
				};
			};
			buildConfigurationList = 9B7C70AE1F42A328004AAD3D /* Build configuration list for PBXProject "PiOSDrone" */;
			compatibilityVersion = "Xcode 3.2";
			developmentRegion = English;
			hasScannedForEncodings = 0;
			knownRegions = (
				en,
				Base,
			);
			mainGroup = 9B7C70AA1F42A328004AAD3D;
			productRefGroup = 9B7C70B41F42A328004AAD3D /* Products */;
			projectDirPath = "";
			projectRoot = "";
			targets = (
				9B7C70B21F42A328004AAD3D /* PiOSDrone */,
			);
		};
/* End PBXProject section */

/* Begin PBXResourcesBuildPhase section */
		9B7C70B11F42A328004AAD3D /* Resources */ = {
			isa = PBXResourcesBuildPhase;
			buildActionMask = 2147483647;
			files = (
				9B7C70C11F42A328004AAD3D /* LaunchScreen.storyboard in Resources */,
				9B7C70BE1F42A328004AAD3D /* Assets.xcassets in Resources */,
				9B2FC80A1F42A8340010691F /* Podfile in Resources */,
				9B7C70BC1F42A328004AAD3D /* Main.storyboard in Resources */,
			);
			runOnlyForDeploymentPostprocessing = 0;
		};
/* End PBXResourcesBuildPhase section */

/* Begin PBXShellScriptBuildPhase section */
		17BB61D2A3636FD7B8936414 /* [CP] Copy Pods Resources */ = {
			isa = PBXShellScriptBuildPhase;
			buildActionMask = 2147483647;
			files = (
			);
			inputPaths = (
			);
			name = "[CP] Copy Pods Resources";
			outputPaths = (
			);
			runOnlyForDeploymentPostprocessing = 0;
			shellPath = /bin/sh;
			shellScript = "\"${SRCROOT}/Pods/Target Support Files/Pods-PiOSDrone/Pods-PiOSDrone-resources.sh\"\n";
			showEnvVarsInLog = 0;
		};
		1C5DA6D41FE906B7F611994F /* [CP] Check Pods Manifest.lock */ = {
			isa = PBXShellScriptBuildPhase;
			buildActionMask = 2147483647;
			files = (
			);
			inputPaths = (
				"${PODS_PODFILE_DIR_PATH}/Podfile.lock",
				"${PODS_ROOT}/Manifest.lock",
			);
			name = "[CP] Check Pods Manifest.lock";
			outputPaths = (
				"$(DERIVED_FILE_DIR)/Pods-PiOSDrone-checkManifestLockResult.txt",
			);
			runOnlyForDeploymentPostprocessing = 0;
			shellPath = /bin/sh;
			shellScript = "diff \"${PODS_PODFILE_DIR_PATH}/Podfile.lock\" \"${PODS_ROOT}/Manifest.lock\" > /dev/null\nif [ $? != 0 ] ; then\n    # print error to STDERR\n    echo \"error: The sandbox is not in sync with the Podfile.lock. Run 'pod install' or update your CocoaPods installation.\" >&2\n    exit 1\nfi\n# This output is used by Xcode 'outputs' to avoid re-running this script phase.\necho \"SUCCESS\" > \"${SCRIPT_OUTPUT_FILE_0}\"\n";
			showEnvVarsInLog = 0;
		};
		3FF8DD672ECC38B46A2273E2 /* [CP] Embed Pods Frameworks */ = {
			isa = PBXShellScriptBuildPhase;
			buildActionMask = 2147483647;
			files = (
			);
			inputPaths = (
				"${SRCROOT}/Pods/Target Support Files/Pods-PiOSDrone/Pods-PiOSDrone-frameworks.sh",
				"${BUILT_PRODUCTS_DIR}/Socket.IO-Client-Swift/SocketIO.framework",
				"${BUILT_PRODUCTS_DIR}/StarscreamSocketIO/StarscreamSocketIO.framework",
			);
			name = "[CP] Embed Pods Frameworks";
			outputPaths = (
				"${TARGET_BUILD_DIR}/${FRAMEWORKS_FOLDER_PATH}/SocketIO.framework",
				"${TARGET_BUILD_DIR}/${FRAMEWORKS_FOLDER_PATH}/StarscreamSocketIO.framework",
			);
			runOnlyForDeploymentPostprocessing = 0;
			shellPath = /bin/sh;
			shellScript = "\"${SRCROOT}/Pods/Target Support Files/Pods-PiOSDrone/Pods-PiOSDrone-frameworks.sh\"\n";
			showEnvVarsInLog = 0;
		};
/* End PBXShellScriptBuildPhase section */

/* Begin PBXSourcesBuildPhase section */
		9B7C70AF1F42A328004AAD3D /* Sources */ = {
			isa = PBXSourcesBuildPhase;
			buildActionMask = 2147483647;
			files = (
				9B7C70B91F42A328004AAD3D /* ViewController.swift in Sources */,
				9B7C70B71F42A328004AAD3D /* AppDelegate.swift in Sources */,
			);
			runOnlyForDeploymentPostprocessing = 0;
		};
/* End PBXSourcesBuildPhase section */

/* Begin PBXVariantGroup section */
		9B7C70BA1F42A328004AAD3D /* Main.storyboard */ = {
			isa = PBXVariantGroup;
			children = (
				9B7C70BB1F42A328004AAD3D /* Base */,
			);
			name = Main.storyboard;
			sourceTree = "<group>";
		};
		9B7C70BF1F42A328004AAD3D /* LaunchScreen.storyboard */ = {
			isa = PBXVariantGroup;
			children = (
				9B7C70C01F42A328004AAD3D /* Base */,
			);
			name = LaunchScreen.storyboard;
			sourceTree = "<group>";
		};
/* End PBXVariantGroup section */

/* Begin XCBuildConfiguration section */
		9B7C70C31F42A328004AAD3D /* Debug */ = {
			isa = XCBuildConfiguration;
			buildSettings = {
				ALWAYS_SEARCH_USER_PATHS = NO;
				CLANG_ANALYZER_NONNULL = YES;
				CLANG_ANALYZER_NUMBER_OBJECT_CONVERSION = YES_AGGRESSIVE;
				CLANG_CXX_LANGUAGE_STANDARD = "gnu++0x";
				CLANG_CXX_LIBRARY = "libc++";
				CLANG_ENABLE_MODULES = YES;
				CLANG_ENABLE_OBJC_ARC = YES;
				CLANG_WARN_BOOL_CONVERSION = YES;
				CLANG_WARN_CONSTANT_CONVERSION = YES;
				CLANG_WARN_DIRECT_OBJC_ISA_USAGE = YES_ERROR;
				CLANG_WARN_DOCUMENTATION_COMMENTS = YES;
				CLANG_WARN_EMPTY_BODY = YES;
				CLANG_WARN_ENUM_CONVERSION = YES;
				CLANG_WARN_INFINITE_RECURSION = YES;
				CLANG_WARN_INT_CONVERSION = YES;
				CLANG_WARN_OBJC_ROOT_CLASS = YES_ERROR;
				CLANG_WARN_SUSPICIOUS_MOVE = YES;
				CLANG_WARN_UNREACHABLE_CODE = YES;
				CLANG_WARN__DUPLICATE_METHOD_MATCH = YES;
				"CODE_SIGN_IDENTITY[sdk=iphoneos*]" = "iPhone Developer";
				COPY_PHASE_STRIP = NO;
				DEBUG_INFORMATION_FORMAT = dwarf;
				ENABLE_STRICT_OBJC_MSGSEND = YES;
				ENABLE_TESTABILITY = YES;
				GCC_C_LANGUAGE_STANDARD = gnu99;
				GCC_DYNAMIC_NO_PIC = NO;
				GCC_NO_COMMON_BLOCKS = YES;
				GCC_OPTIMIZATION_LEVEL = 0;
				GCC_PREPROCESSOR_DEFINITIONS = (
					"DEBUG=1",
					"$(inherited)",
				);
				GCC_WARN_64_TO_32_BIT_CONVERSION = YES;
				GCC_WARN_ABOUT_RETURN_TYPE = YES_ERROR;
				GCC_WARN_UNDECLARED_SELECTOR = YES;
				GCC_WARN_UNINITIALIZED_AUTOS = YES_AGGRESSIVE;
				GCC_WARN_UNUSED_FUNCTION = YES;
				GCC_WARN_UNUSED_VARIABLE = YES;
				IPHONEOS_DEPLOYMENT_TARGET = 10.3;
				MTL_ENABLE_DEBUG_INFO = YES;
				ONLY_ACTIVE_ARCH = YES;
				SDKROOT = iphoneos;
				SWIFT_ACTIVE_COMPILATION_CONDITIONS = DEBUG;
				SWIFT_OPTIMIZATION_LEVEL = "-Onone";
				TARGETED_DEVICE_FAMILY = "1,2";
			};
			name = Debug;
		};
		9B7C70C41F42A328004AAD3D /* Release */ = {
			isa = XCBuildConfiguration;
			buildSettings = {
				ALWAYS_SEARCH_USER_PATHS = NO;
				CLANG_ANALYZER_NONNULL = YES;
				CLANG_ANALYZER_NUMBER_OBJECT_CONVERSION = YES_AGGRESSIVE;
				CLANG_CXX_LANGUAGE_STANDARD = "gnu++0x";
				CLANG_CXX_LIBRARY = "libc++";
				CLANG_ENABLE_MODULES = YES;
				CLANG_ENABLE_OBJC_ARC = YES;
				CLANG_WARN_BOOL_CONVERSION = YES;
				CLANG_WARN_CONSTANT_CONVERSION = YES;
				CLANG_WARN_DIRECT_OBJC_ISA_USAGE = YES_ERROR;
				CLANG_WARN_DOCUMENTATION_COMMENTS = YES;
				CLANG_WARN_EMPTY_BODY = YES;
				CLANG_WARN_ENUM_CONVERSION = YES;
				CLANG_WARN_INFINITE_RECURSION = YES;
				CLANG_WARN_INT_CONVERSION = YES;
				CLANG_WARN_OBJC_ROOT_CLASS = YES_ERROR;
				CLANG_WARN_SUSPICIOUS_MOVE = YES;
				CLANG_WARN_UNREACHABLE_CODE = YES;
				CLANG_WARN__DUPLICATE_METHOD_MATCH = YES;
				"CODE_SIGN_IDENTITY[sdk=iphoneos*]" = "iPhone Developer";
				COPY_PHASE_STRIP = NO;
				DEBUG_INFORMATION_FORMAT = "dwarf-with-dsym";
				ENABLE_NS_ASSERTIONS = NO;
				ENABLE_STRICT_OBJC_MSGSEND = YES;
				GCC_C_LANGUAGE_STANDARD = gnu99;
				GCC_NO_COMMON_BLOCKS = YES;
				GCC_WARN_64_TO_32_BIT_CONVERSION = YES;
				GCC_WARN_ABOUT_RETURN_TYPE = YES_ERROR;
				GCC_WARN_UNDECLARED_SELECTOR = YES;
				GCC_WARN_UNINITIALIZED_AUTOS = YES_AGGRESSIVE;
				GCC_WARN_UNUSED_FUNCTION = YES;
				GCC_WARN_UNUSED_VARIABLE = YES;
				IPHONEOS_DEPLOYMENT_TARGET = 10.3;
				MTL_ENABLE_DEBUG_INFO = NO;
				SDKROOT = iphoneos;
				SWIFT_OPTIMIZATION_LEVEL = "-Owholemodule";
				TARGETED_DEVICE_FAMILY = "1,2";
				VALIDATE_PRODUCT = YES;
			};
			name = Release;
		};
		9B7C70C61F42A328004AAD3D /* Debug */ = {
			isa = XCBuildConfiguration;
			baseConfigurationReference = B0068D73A04FCF469599BC8E /* Pods-PiOSDrone.debug.xcconfig */;
			buildSettings = {
				ASSETCATALOG_COMPILER_APPICON_NAME = AppIcon;
				DEVELOPMENT_TEAM = V9VFZF9659;
				INFOPLIST_FILE = PiOSDrone/Info.plist;
				LD_RUNPATH_SEARCH_PATHS = "$(inherited) @executable_path/Frameworks";
				PRODUCT_BUNDLE_IDENTIFIER = buglinjo.me.PiOSDrone;
				PRODUCT_NAME = "$(TARGET_NAME)";
				SWIFT_VERSION = 3.0;
			};
			name = Debug;
		};
		9B7C70C71F42A328004AAD3D /* Release */ = {
			isa = XCBuildConfiguration;
			baseConfigurationReference = 7576CD85DAB4EB78DEE35DA7 /* Pods-PiOSDrone.release.xcconfig */;
			buildSettings = {
				ASSETCATALOG_COMPILER_APPICON_NAME = AppIcon;
				DEVELOPMENT_TEAM = V9VFZF9659;
				INFOPLIST_FILE = PiOSDrone/Info.plist;
				LD_RUNPATH_SEARCH_PATHS = "$(inherited) @executable_path/Frameworks";
				PRODUCT_BUNDLE_IDENTIFIER = buglinjo.me.PiOSDrone;
				PRODUCT_NAME = "$(TARGET_NAME)";
				SWIFT_VERSION = 3.0;
			};
			name = Release;
		};
/* End XCBuildConfiguration section */

/* Begin XCConfigurationList section */
		9B7C70AE1F42A328004AAD3D /* Build configuration list for PBXProject "PiOSDrone" */ = {
			isa = XCConfigurationList;
			buildConfigurations = (
				9B7C70C31F42A328004AAD3D /* Debug */,
				9B7C70C41F42A328004AAD3D /* Release */,
			);
			defaultConfigurationIsVisible = 0;
			defaultConfigurationName = Release;
		};
		9B7C70C51F42A328004AAD3D /* Build configuration list for PBXNativeTarget "PiOSDrone" */ = {
			isa = XCConfigurationList;
			buildConfigurations = (
				9B7C70C61F42A328004AAD3D /* Debug */,
				9B7C70C71F42A328004AAD3D /* Release */,
			);
			defaultConfigurationIsVisible = 0;
			defaultConfigurationName = Release;
		};
/* End XCConfigurationList section */
	};
	rootObject = 9B7C70AB1F42A328004AAD3D /* Project object */;
}
